// !$*UTF8*$!
{
	archiveVersion = 1;
	classes = {
	};
	objectVersion = 46;
	objects = {

/* Begin PBXBuildFile section */
		4900A9CE1D180EE00086DE49 /* AboutWindow.swift in Sources */ = {isa = PBXBuildFile; fileRef = 4900A9CC1D180EE00086DE49 /* AboutWindow.swift */; };
		4900A9D01D1816530086DE49 /* AboutWindow.xib in Resources */ = {isa = PBXBuildFile; fileRef = 4900A9D21D1816530086DE49 /* AboutWindow.xib */; };
		491F81DB1D0E970D008B29EC /* Semester.swift in Sources */ = {isa = PBXBuildFile; fileRef = 491F81DA1D0E970D008B29EC /* Semester.swift */; };
		491F81E31D0ED114008B29EC /* PreferencesWindow.xib in Resources */ = {isa = PBXBuildFile; fileRef = 491F81E51D0ED114008B29EC /* PreferencesWindow.xib */; };
		4924D5CB1D0E5ED1005BFF74 /* AppDelegate.swift in Sources */ = {isa = PBXBuildFile; fileRef = 4924D5CA1D0E5ED1005BFF74 /* AppDelegate.swift */; };
		4924D5CD1D0E5ED1005BFF74 /* Assets.xcassets in Resources */ = {isa = PBXBuildFile; fileRef = 4924D5CC1D0E5ED1005BFF74 /* Assets.xcassets */; };
		4924D5D01D0E5ED2005BFF74 /* MainMenu.xib in Resources */ = {isa = PBXBuildFile; fileRef = 4924D5CE1D0E5ED2005BFF74 /* MainMenu.xib */; };
		4924D5F41D0E6841005BFF74 /* StatusMenuController.swift in Sources */ = {isa = PBXBuildFile; fileRef = 4924D5F31D0E6841005BFF74 /* StatusMenuController.swift */; };
		49A0E42A1D1E2631008E5378 /* Sparkle.framework in Frameworks */ = {isa = PBXBuildFile; fileRef = 49A0E4291D1E2631008E5378 /* Sparkle.framework */; };
		49A0E42C1D1E26C5008E5378 /* Sparkle.framework in CopyFiles */ = {isa = PBXBuildFile; fileRef = 49A0E4291D1E2631008E5378 /* Sparkle.framework */; settings = {ATTRIBUTES = (CodeSignOnCopy, RemoveHeadersOnCopy, ); }; };
		49A0E42E1D1E2BA8008E5378 /* dsa_pub.pem in Resources */ = {isa = PBXBuildFile; fileRef = 49A0E42D1D1E2BA8008E5378 /* dsa_pub.pem */; };
		49A16E061D0EEE9D00BCE22D /* PreferencesWindow.swift in Sources */ = {isa = PBXBuildFile; fileRef = 49A16E051D0EEE9D00BCE22D /* PreferencesWindow.swift */; };
/* End PBXBuildFile section */

/* Begin PBXCopyFilesBuildPhase section */
		49A0E42B1D1E26A3008E5378 /* CopyFiles */ = {
			isa = PBXCopyFilesBuildPhase;
			buildActionMask = 2147483647;
			dstPath = "";
			dstSubfolderSpec = 10;
			files = (
				49A0E42C1D1E26C5008E5378 /* Sparkle.framework in CopyFiles */,
			);
			runOnlyForDeploymentPostprocessing = 0;
		};
/* End PBXCopyFilesBuildPhase section */

/* Begin PBXFileReference section */
		4900A9CC1D180EE00086DE49 /* AboutWindow.swift */ = {isa = PBXFileReference; fileEncoding = 4; lastKnownFileType = sourcecode.swift; path = AboutWindow.swift; sourceTree = "<group>"; };
		4900A9D11D1816530086DE49 /* Base */ = {isa = PBXFileReference; lastKnownFileType = file.xib; name = Base; path = Base.lproj/AboutWindow.xib; sourceTree = "<group>"; };
		4900A9D41D18165E0086DE49 /* zh-Hans */ = {isa = PBXFileReference; lastKnownFileType = text.plist.strings; name = "zh-Hans"; path = "zh-Hans.lproj/AboutWindow.strings"; sourceTree = "<group>"; };
		4900A9D61D1816610086DE49 /* zh-Hant */ = {isa = PBXFileReference; lastKnownFileType = text.plist.strings; name = "zh-Hant"; path = "zh-Hant.lproj/AboutWindow.strings"; sourceTree = "<group>"; };
		4900A9D71D1818F90086DE49 /* NSStatusItem+Private.h */ = {isa = PBXFileReference; fileEncoding = 4; lastKnownFileType = sourcecode.c.h; path = "NSStatusItem+Private.h"; sourceTree = "<group>"; };
		491F81DA1D0E970D008B29EC /* Semester.swift */ = {isa = PBXFileReference; fileEncoding = 4; lastKnownFileType = sourcecode.swift; path = Semester.swift; sourceTree = "<group>"; };
		491F81E21D0ECFB0008B29EC /* zh-Hans */ = {isa = PBXFileReference; lastKnownFileType = text.plist.strings; name = "zh-Hans"; path = "zh-Hans.lproj/MainMenu.strings"; sourceTree = "<group>"; };
		491F81E81D0ED14A008B29EC /* Base */ = {isa = PBXFileReference; lastKnownFileType = file.xib; name = Base; path = Base.lproj/PreferencesWindow.xib; sourceTree = "<group>"; };
		491F81E91D0ED15D008B29EC /* zh-Hans */ = {isa = PBXFileReference; lastKnownFileType = text.plist.strings; name = "zh-Hans"; path = "zh-Hans.lproj/PreferencesWindow.strings"; sourceTree = "<group>"; };
		491F81EA1D0ED274008B29EC /* zh-Hant */ = {isa = PBXFileReference; lastKnownFileType = text.plist.strings; name = "zh-Hant"; path = "zh-Hant.lproj/PreferencesWindow.strings"; sourceTree = "<group>"; };
		491F81EB1D0ED274008B29EC /* zh-Hant */ = {isa = PBXFileReference; lastKnownFileType = text.plist.strings; name = "zh-Hant"; path = "zh-Hant.lproj/MainMenu.strings"; sourceTree = "<group>"; };
		4924D5C71D0E5ED1005BFF74 /* WeekCount.app */ = {isa = PBXFileReference; explicitFileType = wrapper.application; includeInIndex = 0; path = WeekCount.app; sourceTree = BUILT_PRODUCTS_DIR; };
		4924D5CA1D0E5ED1005BFF74 /* AppDelegate.swift */ = {isa = PBXFileReference; lastKnownFileType = sourcecode.swift; path = AppDelegate.swift; sourceTree = "<group>"; };
		4924D5CC1D0E5ED1005BFF74 /* Assets.xcassets */ = {isa = PBXFileReference; lastKnownFileType = folder.assetcatalog; path = Assets.xcassets; sourceTree = "<group>"; };
		4924D5CF1D0E5ED2005BFF74 /* Base */ = {isa = PBXFileReference; lastKnownFileType = file.xib; name = Base; path = Base.lproj/MainMenu.xib; sourceTree = "<group>"; };
		4924D5D11D0E5ED2005BFF74 /* Info.plist */ = {isa = PBXFileReference; lastKnownFileType = text.plist.xml; path = Info.plist; sourceTree = "<group>"; };
		4924D5F31D0E6841005BFF74 /* StatusMenuController.swift */ = {isa = PBXFileReference; fileEncoding = 4; lastKnownFileType = sourcecode.swift; path = StatusMenuController.swift; sourceTree = "<group>"; };
		49A0E4291D1E2631008E5378 /* Sparkle.framework */ = {isa = PBXFileReference; lastKnownFileType = wrapper.framework; path = Sparkle.framework; sourceTree = "<group>"; };
		49A0E42D1D1E2BA8008E5378 /* dsa_pub.pem */ = {isa = PBXFileReference; fileEncoding = 4; lastKnownFileType = text; path = dsa_pub.pem; sourceTree = "<group>"; };
		49A16E051D0EEE9D00BCE22D /* PreferencesWindow.swift */ = {isa = PBXFileReference; fileEncoding = 4; lastKnownFileType = sourcecode.swift; path = PreferencesWindow.swift; sourceTree = "<group>"; };
/* End PBXFileReference section */

/* Begin PBXFrameworksBuildPhase section */
		4924D5C41D0E5ED1005BFF74 /* Frameworks */ = {
			isa = PBXFrameworksBuildPhase;
			buildActionMask = 2147483647;
			files = (
				49A0E42A1D1E2631008E5378 /* Sparkle.framework in Frameworks */,
			);
			runOnlyForDeploymentPostprocessing = 0;
		};
/* End PBXFrameworksBuildPhase section */

/* Begin PBXGroup section */
		4924D5BE1D0E5ED1005BFF74 = {
			isa = PBXGroup;
			children = (
				49A0E4291D1E2631008E5378 /* Sparkle.framework */,
				4924D5C91D0E5ED1005BFF74 /* WeekCount */,
				4924D5C81D0E5ED1005BFF74 /* Products */,
				49A0E42D1D1E2BA8008E5378 /* dsa_pub.pem */,
			);
			sourceTree = "<group>";
		};
		4924D5C81D0E5ED1005BFF74 /* Products */ = {
			isa = PBXGroup;
			children = (
				4924D5C71D0E5ED1005BFF74 /* WeekCount.app */,
			);
			name = Products;
			sourceTree = "<group>";
		};
		4924D5C91D0E5ED1005BFF74 /* WeekCount */ = {
			isa = PBXGroup;
			children = (
				4924D5CA1D0E5ED1005BFF74 /* AppDelegate.swift */,
				4924D5F31D0E6841005BFF74 /* StatusMenuController.swift */,
				49A16E051D0EEE9D00BCE22D /* PreferencesWindow.swift */,
				491F81DA1D0E970D008B29EC /* Semester.swift */,
				4900A9CC1D180EE00086DE49 /* AboutWindow.swift */,
				4924D5CC1D0E5ED1005BFF74 /* Assets.xcassets */,
				491F81E51D0ED114008B29EC /* PreferencesWindow.xib */,
				4924D5CE1D0E5ED2005BFF74 /* MainMenu.xib */,
				4900A9D21D1816530086DE49 /* AboutWindow.xib */,
				4924D5D11D0E5ED2005BFF74 /* Info.plist */,
				4900A9D71D1818F90086DE49 /* NSStatusItem+Private.h */,
			);
			path = WeekCount;
			sourceTree = "<group>";
		};
/* End PBXGroup section */

/* Begin PBXNativeTarget section */
		4924D5C61D0E5ED1005BFF74 /* WeekCount */ = {
			isa = PBXNativeTarget;
			buildConfigurationList = 4924D5EA1D0E5ED2005BFF74 /* Build configuration list for PBXNativeTarget "WeekCount" */;
			buildPhases = (
				4924D5C31D0E5ED1005BFF74 /* Sources */,
				4924D5C41D0E5ED1005BFF74 /* Frameworks */,
				4924D5C51D0E5ED1005BFF74 /* Resources */,
				49A0E42B1D1E26A3008E5378 /* CopyFiles */,
			);
			buildRules = (
			);
			dependencies = (
			);
			name = WeekCount;
			productName = WeekCount;
			productReference = 4924D5C71D0E5ED1005BFF74 /* WeekCount.app */;
			productType = "com.apple.product-type.application";
		};
/* End PBXNativeTarget section */

/* Begin PBXProject section */
		4924D5BF1D0E5ED1005BFF74 /* Project object */ = {
			isa = PBXProject;
			attributes = {
				LastSwiftUpdateCheck = 0720;
				LastUpgradeCheck = 0800;
				ORGANIZATIONNAME = "Jinli Wang";
				TargetAttributes = {
					4924D5C61D0E5ED1005BFF74 = {
						CreatedOnToolsVersion = 7.2;
						DevelopmentTeam = 7X9UFZRCPT;
						LastSwiftMigration = 0800;
						ProvisioningStyle = Automatic;
					};
				};
			};
			buildConfigurationList = 4924D5C21D0E5ED1005BFF74 /* Build configuration list for PBXProject "WeekCount" */;
			compatibilityVersion = "Xcode 3.2";
			developmentRegion = English;
			hasScannedForEncodings = 0;
			knownRegions = (
				en,
				Base,
				"zh-Hans",
				"zh-Hant",
			);
			mainGroup = 4924D5BE1D0E5ED1005BFF74;
			productRefGroup = 4924D5C81D0E5ED1005BFF74 /* Products */;
			projectDirPath = "";
			projectRoot = "";
			targets = (
				4924D5C61D0E5ED1005BFF74 /* WeekCount */,
			);
		};
/* End PBXProject section */

/* Begin PBXResourcesBuildPhase section */
		4924D5C51D0E5ED1005BFF74 /* Resources */ = {
			isa = PBXResourcesBuildPhase;
			buildActionMask = 2147483647;
			files = (
				49A0E42E1D1E2BA8008E5378 /* dsa_pub.pem in Resources */,
				4924D5CD1D0E5ED1005BFF74 /* Assets.xcassets in Resources */,
				491F81E31D0ED114008B29EC /* PreferencesWindow.xib in Resources */,
				4924D5D01D0E5ED2005BFF74 /* MainMenu.xib in Resources */,
				4900A9D01D1816530086DE49 /* AboutWindow.xib in Resources */,
			);
			runOnlyForDeploymentPostprocessing = 0;
		};
/* End PBXResourcesBuildPhase section */

/* Begin PBXSourcesBuildPhase section */
		4924D5C31D0E5ED1005BFF74 /* Sources */ = {
			isa = PBXSourcesBuildPhase;
			buildActionMask = 2147483647;
			files = (
				4924D5F41D0E6841005BFF74 /* StatusMenuController.swift in Sources */,
				49A16E061D0EEE9D00BCE22D /* PreferencesWindow.swift in Sources */,
				491F81DB1D0E970D008B29EC /* Semester.swift in Sources */,
				4924D5CB1D0E5ED1005BFF74 /* AppDelegate.swift in Sources */,
				4900A9CE1D180EE00086DE49 /* AboutWindow.swift in Sources */,
			);
			runOnlyForDeploymentPostprocessing = 0;
		};
/* End PBXSourcesBuildPhase section */

/* Begin PBXVariantGroup section */
		4900A9D21D1816530086DE49 /* AboutWindow.xib */ = {
			isa = PBXVariantGroup;
			children = (
				4900A9D11D1816530086DE49 /* Base */,
				4900A9D41D18165E0086DE49 /* zh-Hans */,
				4900A9D61D1816610086DE49 /* zh-Hant */,
			);
			name = AboutWindow.xib;
			sourceTree = "<group>";
		};
		491F81E51D0ED114008B29EC /* PreferencesWindow.xib */ = {
			isa = PBXVariantGroup;
			children = (
				491F81E81D0ED14A008B29EC /* Base */,
				491F81E91D0ED15D008B29EC /* zh-Hans */,
				491F81EA1D0ED274008B29EC /* zh-Hant */,
			);
			name = PreferencesWindow.xib;
			path = ..;
			sourceTree = "<group>";
		};
		4924D5CE1D0E5ED2005BFF74 /* MainMenu.xib */ = {
			isa = PBXVariantGroup;
			children = (
				4924D5CF1D0E5ED2005BFF74 /* Base */,
				491F81E21D0ECFB0008B29EC /* zh-Hans */,
				491F81EB1D0ED274008B29EC /* zh-Hant */,
			);
			name = MainMenu.xib;
			sourceTree = "<group>";
		};
/* End PBXVariantGroup section */

/* Begin XCBuildConfiguration section */
		4924D5E81D0E5ED2005BFF74 /* Debug */ = {
			isa = XCBuildConfiguration;
			buildSettings = {
				ALWAYS_SEARCH_USER_PATHS = NO;
				CLANG_ANALYZER_LOCALIZABILITY_NONLOCALIZED = YES;
				CLANG_CXX_LANGUAGE_STANDARD = "gnu++0x";
				CLANG_CXX_LIBRARY = "libc++";
				CLANG_ENABLE_MODULES = YES;
				CLANG_ENABLE_OBJC_ARC = YES;
				CLANG_WARN_BOOL_CONVERSION = YES;
				CLANG_WARN_CONSTANT_CONVERSION = YES;
				CLANG_WARN_DIRECT_OBJC_ISA_USAGE = YES_ERROR;
				CLANG_WARN_EMPTY_BODY = YES;
				CLANG_WARN_ENUM_CONVERSION = YES;
				CLANG_WARN_INFINITE_RECURSION = YES;
				CLANG_WARN_INT_CONVERSION = YES;
				CLANG_WARN_OBJC_ROOT_CLASS = YES_ERROR;
				CLANG_WARN_SUSPICIOUS_MOVE = YES;
				CLANG_WARN_UNREACHABLE_CODE = YES;
				CLANG_WARN__DUPLICATE_METHOD_MATCH = YES;
				CODE_SIGN_IDENTITY = "-";
				COPY_PHASE_STRIP = NO;
				DEBUG_INFORMATION_FORMAT = dwarf;
				ENABLE_STRICT_OBJC_MSGSEND = YES;
				ENABLE_TESTABILITY = YES;
				GCC_C_LANGUAGE_STANDARD = gnu99;
				GCC_DYNAMIC_NO_PIC = NO;
				GCC_NO_COMMON_BLOCKS = YES;
				GCC_OPTIMIZATION_LEVEL = 0;
				GCC_PREPROCESSOR_DEFINITIONS = (
					"DEBUG=1",
					"$(inherited)",
				);
				GCC_WARN_64_TO_32_BIT_CONVERSION = YES;
				GCC_WARN_ABOUT_RETURN_TYPE = YES_ERROR;
				GCC_WARN_UNDECLARED_SELECTOR = YES;
				GCC_WARN_UNINITIALIZED_AUTOS = YES_AGGRESSIVE;
				GCC_WARN_UNUSED_FUNCTION = YES;
				GCC_WARN_UNUSED_VARIABLE = YES;
				MACOSX_DEPLOYMENT_TARGET = 10.11;
				MTL_ENABLE_DEBUG_INFO = YES;
				ONLY_ACTIVE_ARCH = YES;
				SDKROOT = macosx;
				SWIFT_OPTIMIZATION_LEVEL = "-Onone";
			};
			name = Debug;
		};
		4924D5E91D0E5ED2005BFF74 /* Release */ = {
			isa = XCBuildConfiguration;
			buildSettings = {
				ALWAYS_SEARCH_USER_PATHS = NO;
				CLANG_ANALYZER_LOCALIZABILITY_NONLOCALIZED = YES;
				CLANG_CXX_LANGUAGE_STANDARD = "gnu++0x";
				CLANG_CXX_LIBRARY = "libc++";
				CLANG_ENABLE_MODULES = YES;
				CLANG_ENABLE_OBJC_ARC = YES;
				CLANG_WARN_BOOL_CONVERSION = YES;
				CLANG_WARN_CONSTANT_CONVERSION = YES;
				CLANG_WARN_DIRECT_OBJC_ISA_USAGE = YES_ERROR;
				CLANG_WARN_EMPTY_BODY = YES;
				CLANG_WARN_ENUM_CONVERSION = YES;
				CLANG_WARN_INFINITE_RECURSION = YES;
				CLANG_WARN_INT_CONVERSION = YES;
				CLANG_WARN_OBJC_ROOT_CLASS = YES_ERROR;
				CLANG_WARN_SUSPICIOUS_MOVE = YES;
				CLANG_WARN_UNREACHABLE_CODE = YES;
				CLANG_WARN__DUPLICATE_METHOD_MATCH = YES;
				CODE_SIGN_IDENTITY = "-";
				COPY_PHASE_STRIP = NO;
				DEBUG_INFORMATION_FORMAT = "dwarf-with-dsym";
				ENABLE_NS_ASSERTIONS = NO;
				ENABLE_STRICT_OBJC_MSGSEND = YES;
				GCC_C_LANGUAGE_STANDARD = gnu99;
				GCC_NO_COMMON_BLOCKS = YES;
				GCC_WARN_64_TO_32_BIT_CONVERSION = YES;
				GCC_WARN_ABOUT_RETURN_TYPE = YES_ERROR;
				GCC_WARN_UNDECLARED_SELECTOR = YES;
				GCC_WARN_UNINITIALIZED_AUTOS = YES_AGGRESSIVE;
				GCC_WARN_UNUSED_FUNCTION = YES;
				GCC_WARN_UNUSED_VARIABLE = YES;
				MACOSX_DEPLOYMENT_TARGET = 10.11;
				MTL_ENABLE_DEBUG_INFO = NO;
				SDKROOT = macosx;
				SWIFT_OPTIMIZATION_LEVEL = "-Owholemodule";
			};
			name = Release;
		};
		4924D5EB1D0E5ED2005BFF74 /* Debug */ = {
			isa = XCBuildConfiguration;
			buildSettings = {
				ASSETCATALOG_COMPILER_APPICON_NAME = AppIcon;
				CODE_SIGN_IDENTITY = "Mac Developer";
				"CODE_SIGN_IDENTITY[sdk=macosx*]" = "Mac Developer";
				COMBINE_HIDPI_IMAGES = YES;
				DEVELOPMENT_TEAM = 7X9UFZRCPT;
				FRAMEWORK_SEARCH_PATHS = (
					"$(inherited)",
					"$(PROJECT_DIR)",
				);
				INFOPLIST_FILE = WeekCount/Info.plist;
				LD_RUNPATH_SEARCH_PATHS = "$(inherited) @loader_path/../Frameworks @executable_path/../Frameworks";
				MACOSX_DEPLOYMENT_TARGET = 10.11;
				PRODUCT_BUNDLE_IDENTIFIER = com.wangjinli.WeekCount;
				PRODUCT_NAME = "$(TARGET_NAME)";
				PROVISIONING_PROFILE = "";
				SWIFT_OBJC_BRIDGING_HEADER = "WeekCount/NSStatusItem+Private.h";
				SWIFT_VERSION = 3.0;
			};
			name = Debug;
		};
		4924D5EC1D0E5ED2005BFF74 /* Release */ = {
			isa = XCBuildConfiguration;
			buildSettings = {
				ASSETCATALOG_COMPILER_APPICON_NAME = AppIcon;
				CODE_SIGN_IDENTITY = "Mac Developer";
				"CODE_SIGN_IDENTITY[sdk=macosx*]" = "Mac Developer";
				COMBINE_HIDPI_IMAGES = YES;
				DEVELOPMENT_TEAM = 7X9UFZRCPT;
				FRAMEWORK_SEARCH_PATHS = (
					"$(inherited)",
					"$(PROJECT_DIR)",
				);
				INFOPLIST_FILE = WeekCount/Info.plist;
				LD_RUNPATH_SEARCH_PATHS = "$(inherited) @loader_path/../Frameworks @executable_path/../Frameworks";
				MACOSX_DEPLOYMENT_TARGET = 10.11;
				PRODUCT_BUNDLE_IDENTIFIER = com.wangjinli.WeekCount;
				PRODUCT_NAME = "$(TARGET_NAME)";
				PROVISIONING_PROFILE = "";
				SWIFT_OBJC_BRIDGING_HEADER = "WeekCount/NSStatusItem+Private.h";
				SWIFT_VERSION = 3.0;
			};
			name = Release;
		};
/* End XCBuildConfiguration section */

/* Begin XCConfigurationList section */
		4924D5C21D0E5ED1005BFF74 /* Build configuration list for PBXProject "WeekCount" */ = {
			isa = XCConfigurationList;
			buildConfigurations = (
				4924D5E81D0E5ED2005BFF74 /* Debug */,
				4924D5E91D0E5ED2005BFF74 /* Release */,
			);
			defaultConfigurationIsVisible = 0;
			defaultConfigurationName = Release;
		};
		4924D5EA1D0E5ED2005BFF74 /* Build configuration list for PBXNativeTarget "WeekCount" */ = {
			isa = XCConfigurationList;
			buildConfigurations = (
				4924D5EB1D0E5ED2005BFF74 /* Debug */,
				4924D5EC1D0E5ED2005BFF74 /* Release */,
			);
			defaultConfigurationIsVisible = 0;
			defaultConfigurationName = Release;
		};
/* End XCConfigurationList section */
	};
	rootObject = 4924D5BF1D0E5ED1005BFF74 /* Project object */;
}
