// !$*UTF8*$!
{
	archiveVersion = 1;
	classes = {
	};
	objectVersion = 46;
	objects = {

/* Begin PBXBuildFile section */
		491F81DB1D0E970D008B29EC /* Semester.swift in Sources */ = {isa = PBXBuildFile; fileRef = 491F81DA1D0E970D008B29EC /* Semester.swift */; };
		4924D5CB1D0E5ED1005BFF74 /* AppDelegate.swift in Sources */ = {isa = PBXBuildFile; fileRef = 4924D5CA1D0E5ED1005BFF74 /* AppDelegate.swift */; };
		4924D5CD1D0E5ED1005BFF74 /* Assets.xcassets in Resources */ = {isa = PBXBuildFile; fileRef = 4924D5CC1D0E5ED1005BFF74 /* Assets.xcassets */; };
		4924D5D01D0E5ED2005BFF74 /* MainMenu.xib in Resources */ = {isa = PBXBuildFile; fileRef = 4924D5CE1D0E5ED2005BFF74 /* MainMenu.xib */; };
		4924D5DB1D0E5ED2005BFF74 /* WeekCountTests.swift in Sources */ = {isa = PBXBuildFile; fileRef = 4924D5DA1D0E5ED2005BFF74 /* WeekCountTests.swift */; };
		4924D5E61D0E5ED2005BFF74 /* WeekCountUITests.swift in Sources */ = {isa = PBXBuildFile; fileRef = 4924D5E51D0E5ED2005BFF74 /* WeekCountUITests.swift */; };
		4924D5F41D0E6841005BFF74 /* StatusMenuController.swift in Sources */ = {isa = PBXBuildFile; fileRef = 4924D5F31D0E6841005BFF74 /* StatusMenuController.swift */; };
		499DD0E71D0E717E00A9CB00 /* PreferencesWindow.swift in Sources */ = {isa = PBXBuildFile; fileRef = 499DD0E51D0E717E00A9CB00 /* PreferencesWindow.swift */; };
		499DD0E81D0E717E00A9CB00 /* PreferencesWindow.xib in Resources */ = {isa = PBXBuildFile; fileRef = 499DD0E61D0E717E00A9CB00 /* PreferencesWindow.xib */; };
/* End PBXBuildFile section */

/* Begin PBXContainerItemProxy section */
		4924D5D71D0E5ED2005BFF74 /* PBXContainerItemProxy */ = {
			isa = PBXContainerItemProxy;
			containerPortal = 4924D5BF1D0E5ED1005BFF74 /* Project object */;
			proxyType = 1;
			remoteGlobalIDString = 4924D5C61D0E5ED1005BFF74;
			remoteInfo = WeekCount;
		};
		4924D5E21D0E5ED2005BFF74 /* PBXContainerItemProxy */ = {
			isa = PBXContainerItemProxy;
			containerPortal = 4924D5BF1D0E5ED1005BFF74 /* Project object */;
			proxyType = 1;
			remoteGlobalIDString = 4924D5C61D0E5ED1005BFF74;
			remoteInfo = WeekCount;
		};
/* End PBXContainerItemProxy section */

/* Begin PBXFileReference section */
		491F81DA1D0E970D008B29EC /* Semester.swift */ = {isa = PBXFileReference; fileEncoding = 4; lastKnownFileType = sourcecode.swift; path = Semester.swift; sourceTree = "<group>"; };
		491F81E21D0ECFB0008B29EC /* zh-Hans */ = {isa = PBXFileReference; lastKnownFileType = text.plist.strings; name = "zh-Hans"; path = "zh-Hans.lproj/MainMenu.strings"; sourceTree = "<group>"; };
		4924D5C71D0E5ED1005BFF74 /* WeekCount.app */ = {isa = PBXFileReference; explicitFileType = wrapper.application; includeInIndex = 0; path = WeekCount.app; sourceTree = BUILT_PRODUCTS_DIR; };
		4924D5CA1D0E5ED1005BFF74 /* AppDelegate.swift */ = {isa = PBXFileReference; lastKnownFileType = sourcecode.swift; path = AppDelegate.swift; sourceTree = "<group>"; };
		4924D5CC1D0E5ED1005BFF74 /* Assets.xcassets */ = {isa = PBXFileReference; lastKnownFileType = folder.assetcatalog; path = Assets.xcassets; sourceTree = "<group>"; };
		4924D5CF1D0E5ED2005BFF74 /* Base */ = {isa = PBXFileReference; lastKnownFileType = file.xib; name = Base; path = Base.lproj/MainMenu.xib; sourceTree = "<group>"; };
		4924D5D11D0E5ED2005BFF74 /* Info.plist */ = {isa = PBXFileReference; lastKnownFileType = text.plist.xml; path = Info.plist; sourceTree = "<group>"; };
		4924D5D61D0E5ED2005BFF74 /* WeekCountTests.xctest */ = {isa = PBXFileReference; explicitFileType = wrapper.cfbundle; includeInIndex = 0; path = WeekCountTests.xctest; sourceTree = BUILT_PRODUCTS_DIR; };
		4924D5DA1D0E5ED2005BFF74 /* WeekCountTests.swift */ = {isa = PBXFileReference; lastKnownFileType = sourcecode.swift; path = WeekCountTests.swift; sourceTree = "<group>"; };
		4924D5DC1D0E5ED2005BFF74 /* Info.plist */ = {isa = PBXFileReference; lastKnownFileType = text.plist.xml; path = Info.plist; sourceTree = "<group>"; };
		4924D5E11D0E5ED2005BFF74 /* WeekCountUITests.xctest */ = {isa = PBXFileReference; explicitFileType = wrapper.cfbundle; includeInIndex = 0; path = WeekCountUITests.xctest; sourceTree = BUILT_PRODUCTS_DIR; };
		4924D5E51D0E5ED2005BFF74 /* WeekCountUITests.swift */ = {isa = PBXFileReference; lastKnownFileType = sourcecode.swift; path = WeekCountUITests.swift; sourceTree = "<group>"; };
		4924D5E71D0E5ED2005BFF74 /* Info.plist */ = {isa = PBXFileReference; lastKnownFileType = text.plist.xml; path = Info.plist; sourceTree = "<group>"; };
		4924D5F31D0E6841005BFF74 /* StatusMenuController.swift */ = {isa = PBXFileReference; fileEncoding = 4; lastKnownFileType = sourcecode.swift; path = StatusMenuController.swift; sourceTree = "<group>"; };
		499DD0E51D0E717E00A9CB00 /* PreferencesWindow.swift */ = {isa = PBXFileReference; fileEncoding = 4; lastKnownFileType = sourcecode.swift; name = PreferencesWindow.swift; path = ../PreferencesWindow.swift; sourceTree = "<group>"; };
		499DD0E61D0E717E00A9CB00 /* PreferencesWindow.xib */ = {isa = PBXFileReference; fileEncoding = 4; lastKnownFileType = file.xib; name = PreferencesWindow.xib; path = ../PreferencesWindow.xib; sourceTree = "<group>"; };
/* End PBXFileReference section */

/* Begin PBXFrameworksBuildPhase section */
		4924D5C41D0E5ED1005BFF74 /* Frameworks */ = {
			isa = PBXFrameworksBuildPhase;
			buildActionMask = 2147483647;
			files = (
			);
			runOnlyForDeploymentPostprocessing = 0;
		};
		4924D5D31D0E5ED2005BFF74 /* Frameworks */ = {
			isa = PBXFrameworksBuildPhase;
			buildActionMask = 2147483647;
			files = (
			);
			runOnlyForDeploymentPostprocessing = 0;
		};
		4924D5DE1D0E5ED2005BFF74 /* Frameworks */ = {
			isa = PBXFrameworksBuildPhase;
			buildActionMask = 2147483647;
			files = (
			);
			runOnlyForDeploymentPostprocessing = 0;
		};
/* End PBXFrameworksBuildPhase section */

/* Begin PBXGroup section */
		4924D5BE1D0E5ED1005BFF74 = {
			isa = PBXGroup;
			children = (
				4924D5C91D0E5ED1005BFF74 /* WeekCount */,
				4924D5D91D0E5ED2005BFF74 /* WeekCountTests */,
				4924D5E41D0E5ED2005BFF74 /* WeekCountUITests */,
				4924D5C81D0E5ED1005BFF74 /* Products */,
			);
			sourceTree = "<group>";
		};
		4924D5C81D0E5ED1005BFF74 /* Products */ = {
			isa = PBXGroup;
			children = (
				4924D5C71D0E5ED1005BFF74 /* WeekCount.app */,
				4924D5D61D0E5ED2005BFF74 /* WeekCountTests.xctest */,
				4924D5E11D0E5ED2005BFF74 /* WeekCountUITests.xctest */,
			);
			name = Products;
			sourceTree = "<group>";
		};
		4924D5C91D0E5ED1005BFF74 /* WeekCount */ = {
			isa = PBXGroup;
			children = (
				4924D5CA1D0E5ED1005BFF74 /* AppDelegate.swift */,
				4924D5F31D0E6841005BFF74 /* StatusMenuController.swift */,
				499DD0E51D0E717E00A9CB00 /* PreferencesWindow.swift */,
				491F81DA1D0E970D008B29EC /* Semester.swift */,
				4924D5CC1D0E5ED1005BFF74 /* Assets.xcassets */,
				499DD0E61D0E717E00A9CB00 /* PreferencesWindow.xib */,
				4924D5CE1D0E5ED2005BFF74 /* MainMenu.xib */,
				4924D5D11D0E5ED2005BFF74 /* Info.plist */,
			);
			path = WeekCount;
			sourceTree = "<group>";
		};
		4924D5D91D0E5ED2005BFF74 /* WeekCountTests */ = {
			isa = PBXGroup;
			children = (
				4924D5DA1D0E5ED2005BFF74 /* WeekCountTests.swift */,
				4924D5DC1D0E5ED2005BFF74 /* Info.plist */,
			);
			path = WeekCountTests;
			sourceTree = "<group>";
		};
		4924D5E41D0E5ED2005BFF74 /* WeekCountUITests */ = {
			isa = PBXGroup;
			children = (
				4924D5E51D0E5ED2005BFF74 /* WeekCountUITests.swift */,
				4924D5E71D0E5ED2005BFF74 /* Info.plist */,
			);
			path = WeekCountUITests;
			sourceTree = "<group>";
		};
/* End PBXGroup section */

/* Begin PBXNativeTarget section */
		4924D5C61D0E5ED1005BFF74 /* WeekCount */ = {
			isa = PBXNativeTarget;
			buildConfigurationList = 4924D5EA1D0E5ED2005BFF74 /* Build configuration list for PBXNativeTarget "WeekCount" */;
			buildPhases = (
				4924D5C31D0E5ED1005BFF74 /* Sources */,
				4924D5C41D0E5ED1005BFF74 /* Frameworks */,
				4924D5C51D0E5ED1005BFF74 /* Resources */,
			);
			buildRules = (
			);
			dependencies = (
			);
			name = WeekCount;
			productName = WeekCount;
			productReference = 4924D5C71D0E5ED1005BFF74 /* WeekCount.app */;
			productType = "com.apple.product-type.application";
		};
		4924D5D51D0E5ED2005BFF74 /* WeekCountTests */ = {
			isa = PBXNativeTarget;
			buildConfigurationList = 4924D5ED1D0E5ED2005BFF74 /* Build configuration list for PBXNativeTarget "WeekCountTests" */;
			buildPhases = (
				4924D5D21D0E5ED2005BFF74 /* Sources */,
				4924D5D31D0E5ED2005BFF74 /* Frameworks */,
				4924D5D41D0E5ED2005BFF74 /* Resources */,
			);
			buildRules = (
			);
			dependencies = (
				4924D5D81D0E5ED2005BFF74 /* PBXTargetDependency */,
			);
			name = WeekCountTests;
			productName = WeekCountTests;
			productReference = 4924D5D61D0E5ED2005BFF74 /* WeekCountTests.xctest */;
			productType = "com.apple.product-type.bundle.unit-test";
		};
		4924D5E01D0E5ED2005BFF74 /* WeekCountUITests */ = {
			isa = PBXNativeTarget;
			buildConfigurationList = 4924D5F01D0E5ED2005BFF74 /* Build configuration list for PBXNativeTarget "WeekCountUITests" */;
			buildPhases = (
				4924D5DD1D0E5ED2005BFF74 /* Sources */,
				4924D5DE1D0E5ED2005BFF74 /* Frameworks */,
				4924D5DF1D0E5ED2005BFF74 /* Resources */,
			);
			buildRules = (
			);
			dependencies = (
				4924D5E31D0E5ED2005BFF74 /* PBXTargetDependency */,
			);
			name = WeekCountUITests;
			productName = WeekCountUITests;
			productReference = 4924D5E11D0E5ED2005BFF74 /* WeekCountUITests.xctest */;
			productType = "com.apple.product-type.bundle.ui-testing";
		};
/* End PBXNativeTarget section */

/* Begin PBXProject section */
		4924D5BF1D0E5ED1005BFF74 /* Project object */ = {
			isa = PBXProject;
			attributes = {
				LastSwiftUpdateCheck = 0720;
				LastUpgradeCheck = 0720;
				ORGANIZATIONNAME = "Jinli Wang";
				TargetAttributes = {
					4924D5C61D0E5ED1005BFF74 = {
						CreatedOnToolsVersion = 7.2;
						DevelopmentTeam = 5KK7XTP6QX;
					};
					4924D5D51D0E5ED2005BFF74 = {
						CreatedOnToolsVersion = 7.2;
						TestTargetID = 4924D5C61D0E5ED1005BFF74;
					};
					4924D5E01D0E5ED2005BFF74 = {
						CreatedOnToolsVersion = 7.2;
						TestTargetID = 4924D5C61D0E5ED1005BFF74;
					};
				};
			};
			buildConfigurationList = 4924D5C21D0E5ED1005BFF74 /* Build configuration list for PBXProject "WeekCount" */;
			compatibilityVersion = "Xcode 3.2";
			developmentRegion = English;
			hasScannedForEncodings = 0;
			knownRegions = (
				en,
				Base,
			);
			mainGroup = 4924D5BE1D0E5ED1005BFF74;
			productRefGroup = 4924D5C81D0E5ED1005BFF74 /* Products */;
			projectDirPath = "";
			projectRoot = "";
			targets = (
				4924D5C61D0E5ED1005BFF74 /* WeekCount */,
				4924D5D51D0E5ED2005BFF74 /* WeekCountTests */,
				4924D5E01D0E5ED2005BFF74 /* WeekCountUITests */,
			);
		};
/* End PBXProject section */

/* Begin PBXResourcesBuildPhase section */
		4924D5C51D0E5ED1005BFF74 /* Resources */ = {
			isa = PBXResourcesBuildPhase;
			buildActionMask = 2147483647;
			files = (
				4924D5CD1D0E5ED1005BFF74 /* Assets.xcassets in Resources */,
				499DD0E81D0E717E00A9CB00 /* PreferencesWindow.xib in Resources */,
				4924D5D01D0E5ED2005BFF74 /* MainMenu.xib in Resources */,
			);
			runOnlyForDeploymentPostprocessing = 0;
		};
		4924D5D41D0E5ED2005BFF74 /* Resources */ = {
			isa = PBXResourcesBuildPhase;
			buildActionMask = 2147483647;
			files = (
			);
			runOnlyForDeploymentPostprocessing = 0;
		};
		4924D5DF1D0E5ED2005BFF74 /* Resources */ = {
			isa = PBXResourcesBuildPhase;
			buildActionMask = 2147483647;
			files = (
			);
			runOnlyForDeploymentPostprocessing = 0;
		};
/* End PBXResourcesBuildPhase section */

/* Begin PBXSourcesBuildPhase section */
		4924D5C31D0E5ED1005BFF74 /* Sources */ = {
			isa = PBXSourcesBuildPhase;
			buildActionMask = 2147483647;
			files = (
				4924D5F41D0E6841005BFF74 /* StatusMenuController.swift in Sources */,
				491F81DB1D0E970D008B29EC /* Semester.swift in Sources */,
				499DD0E71D0E717E00A9CB00 /* PreferencesWindow.swift in Sources */,
				4924D5CB1D0E5ED1005BFF74 /* AppDelegate.swift in Sources */,
			);
			runOnlyForDeploymentPostprocessing = 0;
		};
		4924D5D21D0E5ED2005BFF74 /* Sources */ = {
			isa = PBXSourcesBuildPhase;
			buildActionMask = 2147483647;
			files = (
				4924D5DB1D0E5ED2005BFF74 /* WeekCountTests.swift in Sources */,
			);
			runOnlyForDeploymentPostprocessing = 0;
		};
		4924D5DD1D0E5ED2005BFF74 /* Sources */ = {
			isa = PBXSourcesBuildPhase;
			buildActionMask = 2147483647;
			files = (
				4924D5E61D0E5ED2005BFF74 /* WeekCountUITests.swift in Sources */,
			);
			runOnlyForDeploymentPostprocessing = 0;
		};
/* End PBXSourcesBuildPhase section */

/* Begin PBXTargetDependency section */
		4924D5D81D0E5ED2005BFF74 /* PBXTargetDependency */ = {
			isa = PBXTargetDependency;
			target = 4924D5C61D0E5ED1005BFF74 /* WeekCount */;
			targetProxy = 4924D5D71D0E5ED2005BFF74 /* PBXContainerItemProxy */;
		};
		4924D5E31D0E5ED2005BFF74 /* PBXTargetDependency */ = {
			isa = PBXTargetDependency;
			target = 4924D5C61D0E5ED1005BFF74 /* WeekCount */;
			targetProxy = 4924D5E21D0E5ED2005BFF74 /* PBXContainerItemProxy */;
		};
/* End PBXTargetDependency section */

/* Begin PBXVariantGroup section */
		4924D5CE1D0E5ED2005BFF74 /* MainMenu.xib */ = {
			isa = PBXVariantGroup;
			children = (
				4924D5CF1D0E5ED2005BFF74 /* Base */,
				491F81E21D0ECFB0008B29EC /* zh-Hans */,
			);
			name = MainMenu.xib;
			sourceTree = "<group>";
		};
/* End PBXVariantGroup section */

/* Begin XCBuildConfiguration section */
		4924D5E81D0E5ED2005BFF74 /* Debug */ = {
			isa = XCBuildConfiguration;
			buildSettings = {
				ALWAYS_SEARCH_USER_PATHS = NO;
				CLANG_CXX_LANGUAGE_STANDARD = "gnu++0x";
				CLANG_CXX_LIBRARY = "libc++";
				CLANG_ENABLE_MODULES = YES;
				CLANG_ENABLE_OBJC_ARC = YES;
				CLANG_WARN_BOOL_CONVERSION = YES;
				CLANG_WARN_CONSTANT_CONVERSION = YES;
				CLANG_WARN_DIRECT_OBJC_ISA_USAGE = YES_ERROR;
				CLANG_WARN_EMPTY_BODY = YES;
				CLANG_WARN_ENUM_CONVERSION = YES;
				CLANG_WARN_INT_CONVERSION = YES;
				CLANG_WARN_OBJC_ROOT_CLASS = YES_ERROR;
				CLANG_WARN_UNREACHABLE_CODE = YES;
				CLANG_WARN__DUPLICATE_METHOD_MATCH = YES;
				CODE_SIGN_IDENTITY = "-";
				COPY_PHASE_STRIP = NO;
				DEBUG_INFORMATION_FORMAT = dwarf;
				ENABLE_STRICT_OBJC_MSGSEND = YES;
				ENABLE_TESTABILITY = YES;
				GCC_C_LANGUAGE_STANDARD = gnu99;
				GCC_DYNAMIC_NO_PIC = NO;
				GCC_NO_COMMON_BLOCKS = YES;
				GCC_OPTIMIZATION_LEVEL = 0;
				GCC_PREPROCESSOR_DEFINITIONS = (
					"DEBUG=1",
					"$(inherited)",
				);
				GCC_WARN_64_TO_32_BIT_CONVERSION = YES;
				GCC_WARN_ABOUT_RETURN_TYPE = YES_ERROR;
				GCC_WARN_UNDECLARED_SELECTOR = YES;
				GCC_WARN_UNINITIALIZED_AUTOS = YES_AGGRESSIVE;
				GCC_WARN_UNUSED_FUNCTION = YES;
				GCC_WARN_UNUSED_VARIABLE = YES;
				MACOSX_DEPLOYMENT_TARGET = 10.11;
				MTL_ENABLE_DEBUG_INFO = YES;
				ONLY_ACTIVE_ARCH = YES;
				SDKROOT = macosx;
				SWIFT_OPTIMIZATION_LEVEL = "-Onone";
			};
			name = Debug;
		};
		4924D5E91D0E5ED2005BFF74 /* Release */ = {
			isa = XCBuildConfiguration;
			buildSettings = {
				ALWAYS_SEARCH_USER_PATHS = NO;
				CLANG_CXX_LANGUAGE_STANDARD = "gnu++0x";
				CLANG_CXX_LIBRARY = "libc++";
				CLANG_ENABLE_MODULES = YES;
				CLANG_ENABLE_OBJC_ARC = YES;
				CLANG_WARN_BOOL_CONVERSION = YES;
				CLANG_WARN_CONSTANT_CONVERSION = YES;
				CLANG_WARN_DIRECT_OBJC_ISA_USAGE = YES_ERROR;
				CLANG_WARN_EMPTY_BODY = YES;
				CLANG_WARN_ENUM_CONVERSION = YES;
				CLANG_WARN_INT_CONVERSION = YES;
				CLANG_WARN_OBJC_ROOT_CLASS = YES_ERROR;
				CLANG_WARN_UNREACHABLE_CODE = YES;
				CLANG_WARN__DUPLICATE_METHOD_MATCH = YES;
				CODE_SIGN_IDENTITY = "-";
				COPY_PHASE_STRIP = NO;
				DEBUG_INFORMATION_FORMAT = "dwarf-with-dsym";
				ENABLE_NS_ASSERTIONS = NO;
				ENABLE_STRICT_OBJC_MSGSEND = YES;
				GCC_C_LANGUAGE_STANDARD = gnu99;
				GCC_NO_COMMON_BLOCKS = YES;
				GCC_WARN_64_TO_32_BIT_CONVERSION = YES;
				GCC_WARN_ABOUT_RETURN_TYPE = YES_ERROR;
				GCC_WARN_UNDECLARED_SELECTOR = YES;
				GCC_WARN_UNINITIALIZED_AUTOS = YES_AGGRESSIVE;
				GCC_WARN_UNUSED_FUNCTION = YES;
				GCC_WARN_UNUSED_VARIABLE = YES;
				MACOSX_DEPLOYMENT_TARGET = 10.11;
				MTL_ENABLE_DEBUG_INFO = NO;
				SDKROOT = macosx;
			};
			name = Release;
		};
		4924D5EB1D0E5ED2005BFF74 /* Debug */ = {
			isa = XCBuildConfiguration;
			buildSettings = {
				ASSETCATALOG_COMPILER_APPICON_NAME = AppIcon;
				CODE_SIGN_IDENTITY = "Mac Developer";
				"CODE_SIGN_IDENTITY[sdk=macosx*]" = "Mac Developer";
				COMBINE_HIDPI_IMAGES = YES;
				INFOPLIST_FILE = WeekCount/Info.plist;
				LD_RUNPATH_SEARCH_PATHS = "$(inherited) @executable_path/../Frameworks";
				MACOSX_DEPLOYMENT_TARGET = 10.10;
				PRODUCT_BUNDLE_IDENTIFIER = com.wangjinli.WeekCount;
				PRODUCT_NAME = "$(TARGET_NAME)";
				PROVISIONING_PROFILE = "";
			};
			name = Debug;
		};
		4924D5EC1D0E5ED2005BFF74 /* Release */ = {
			isa = XCBuildConfiguration;
			buildSettings = {
				ASSETCATALOG_COMPILER_APPICON_NAME = AppIcon;
				CODE_SIGN_IDENTITY = "Mac Developer";
				"CODE_SIGN_IDENTITY[sdk=macosx*]" = "Mac Developer";
				COMBINE_HIDPI_IMAGES = YES;
				INFOPLIST_FILE = WeekCount/Info.plist;
				LD_RUNPATH_SEARCH_PATHS = "$(inherited) @executable_path/../Frameworks";
				MACOSX_DEPLOYMENT_TARGET = 10.10;
				PRODUCT_BUNDLE_IDENTIFIER = com.wangjinli.WeekCount;
				PRODUCT_NAME = "$(TARGET_NAME)";
				PROVISIONING_PROFILE = "";
			};
			name = Release;
		};
		4924D5EE1D0E5ED2005BFF74 /* Debug */ = {
			isa = XCBuildConfiguration;
			buildSettings = {
				BUNDLE_LOADER = "$(TEST_HOST)";
				COMBINE_HIDPI_IMAGES = YES;
				INFOPLIST_FILE = WeekCountTests/Info.plist;
				LD_RUNPATH_SEARCH_PATHS = "$(inherited) @executable_path/../Frameworks @loader_path/../Frameworks";
				PRODUCT_BUNDLE_IDENTIFIER = com.wangjinli.WeekCountTests;
				PRODUCT_NAME = "$(TARGET_NAME)";
				TEST_HOST = "$(BUILT_PRODUCTS_DIR)/WeekCount.app/Contents/MacOS/WeekCount";
			};
			name = Debug;
		};
		4924D5EF1D0E5ED2005BFF74 /* Release */ = {
			isa = XCBuildConfiguration;
			buildSettings = {
				BUNDLE_LOADER = "$(TEST_HOST)";
				COMBINE_HIDPI_IMAGES = YES;
				INFOPLIST_FILE = WeekCountTests/Info.plist;
				LD_RUNPATH_SEARCH_PATHS = "$(inherited) @executable_path/../Frameworks @loader_path/../Frameworks";
				PRODUCT_BUNDLE_IDENTIFIER = com.wangjinli.WeekCountTests;
				PRODUCT_NAME = "$(TARGET_NAME)";
				TEST_HOST = "$(BUILT_PRODUCTS_DIR)/WeekCount.app/Contents/MacOS/WeekCount";
			};
			name = Release;
		};
		4924D5F11D0E5ED2005BFF74 /* Debug */ = {
			isa = XCBuildConfiguration;
			buildSettings = {
				COMBINE_HIDPI_IMAGES = YES;
				INFOPLIST_FILE = WeekCountUITests/Info.plist;
				LD_RUNPATH_SEARCH_PATHS = "$(inherited) @executable_path/../Frameworks @loader_path/../Frameworks";
				PRODUCT_BUNDLE_IDENTIFIER = com.wangjinli.WeekCountUITests;
				PRODUCT_NAME = "$(TARGET_NAME)";
				TEST_TARGET_NAME = WeekCount;
				USES_XCTRUNNER = YES;
			};
			name = Debug;
		};
		4924D5F21D0E5ED2005BFF74 /* Release */ = {
			isa = XCBuildConfiguration;
			buildSettings = {
				COMBINE_HIDPI_IMAGES = YES;
				INFOPLIST_FILE = WeekCountUITests/Info.plist;
				LD_RUNPATH_SEARCH_PATHS = "$(inherited) @executable_path/../Frameworks @loader_path/../Frameworks";
				PRODUCT_BUNDLE_IDENTIFIER = com.wangjinli.WeekCountUITests;
				PRODUCT_NAME = "$(TARGET_NAME)";
				TEST_TARGET_NAME = WeekCount;
				USES_XCTRUNNER = YES;
			};
			name = Release;
		};
/* End XCBuildConfiguration section */

/* Begin XCConfigurationList section */
		4924D5C21D0E5ED1005BFF74 /* Build configuration list for PBXProject "WeekCount" */ = {
			isa = XCConfigurationList;
			buildConfigurations = (
				4924D5E81D0E5ED2005BFF74 /* Debug */,
				4924D5E91D0E5ED2005BFF74 /* Release */,
			);
			defaultConfigurationIsVisible = 0;
			defaultConfigurationName = Release;
		};
		4924D5EA1D0E5ED2005BFF74 /* Build configuration list for PBXNativeTarget "WeekCount" */ = {
			isa = XCConfigurationList;
			buildConfigurations = (
				4924D5EB1D0E5ED2005BFF74 /* Debug */,
				4924D5EC1D0E5ED2005BFF74 /* Release */,
			);
			defaultConfigurationIsVisible = 0;
			defaultConfigurationName = Release;
		};
		4924D5ED1D0E5ED2005BFF74 /* Build configuration list for PBXNativeTarget "WeekCountTests" */ = {
			isa = XCConfigurationList;
			buildConfigurations = (
				4924D5EE1D0E5ED2005BFF74 /* Debug */,
				4924D5EF1D0E5ED2005BFF74 /* Release */,
			);
			defaultConfigurationIsVisible = 0;
			defaultConfigurationName = Release;
		};
		4924D5F01D0E5ED2005BFF74 /* Build configuration list for PBXNativeTarget "WeekCountUITests" */ = {
			isa = XCConfigurationList;
			buildConfigurations = (
				4924D5F11D0E5ED2005BFF74 /* Debug */,
				4924D5F21D0E5ED2005BFF74 /* Release */,
			);
			defaultConfigurationIsVisible = 0;
			defaultConfigurationName = Release;
		};
/* End XCConfigurationList section */
	};
	rootObject = 4924D5BF1D0E5ED1005BFF74 /* Project object */;
}
